
Microsoft Visual Studio Solution File, Format Version 12.00
# Visual Studio Version 16
VisualStudioVersion = 16.0.30204.135
MinimumVisualStudioVersion = 10.0.40219.1
Project("{9A19103F-16F7-4668-BE54-9A1E7A4F7556}") = "ZeroExpectationRolePlayingSystem", "ZeroExpectationRolePlayingSystem\ZeroExpectationRolePlayingSystem.csproj", "{D932D025-BE68-4D4B-BAB4-C3B9DFBEE614}"
EndProject
Project("{FAE04EC0-301F-11D3-BF4B-00C04F79EFBC}") = "ZeroExpectationRolePlayingSystem.Tests", "ZeroExpectationRolePlayingSystem.Tests\ZeroExpectationRolePlayingSystem.Tests.csproj", "{EA6FFF9C-F9E6-46E6-8FDC-5FF56B69E942}"
EndProject
Global
	GlobalSection(SolutionConfigurationPlatforms) = preSolution
		Debug|Any CPU = Debug|Any CPU
		Release|Any CPU = Release|Any CPU
	EndGlobalSection
	GlobalSection(ProjectConfigurationPlatforms) = postSolution
		{D932D025-BE68-4D4B-BAB4-C3B9DFBEE614}.Debug|Any CPU.ActiveCfg = Debug|Any CPU
		{D932D025-BE68-4D4B-BAB4-C3B9DFBEE614}.Debug|Any CPU.Build.0 = Debug|Any CPU
		{D932D025-BE68-4D4B-BAB4-C3B9DFBEE614}.Release|Any CPU.ActiveCfg = Release|Any CPU
		{D932D025-BE68-4D4B-BAB4-C3B9DFBEE614}.Release|Any CPU.Build.0 = Release|Any CPU
		{EA6FFF9C-F9E6-46E6-8FDC-5FF56B69E942}.Debug|Any CPU.ActiveCfg = Debug|Any CPU
		{EA6FFF9C-F9E6-46E6-8FDC-5FF56B69E942}.Debug|Any CPU.Build.0 = Debug|Any CPU
		{EA6FFF9C-F9E6-46E6-8FDC-5FF56B69E942}.Release|Any CPU.ActiveCfg = Release|Any CPU
		{EA6FFF9C-F9E6-46E6-8FDC-5FF56B69E942}.Release|Any CPU.Build.0 = Release|Any CPU
	EndGlobalSection
	GlobalSection(SolutionProperties) = preSolution
		HideSolutionNode = FALSE
	EndGlobalSection
	GlobalSection(ExtensibilityGlobals) = postSolution
		SolutionGuid = {8D471A6F-7BD2-43DB-9760-2CB6901A608C}
	EndGlobalSection
EndGlobal
